
Microsoft Visual Studio Solution File, Format Version 12.00
# Visual Studio Version 17
VisualStudioVersion = 17.3.32611.2
MinimumVisualStudioVersion = 10.0.40219.1
Project("{FAE04EC0-301F-11D3-BF4B-00C04F79EFBC}") = "TylerHarker.Blogging", "TylerHarker.Blogging\TylerHarker.Blogging.csproj", "{EB855984-B178-4FB2-B4A6-B2C1F7CB2099}"
EndProject
Global
	GlobalSection(SolutionConfigurationPlatforms) = preSolution
		Debug|Any CPU = Debug|Any CPU
		Release|Any CPU = Release|Any CPU
	EndGlobalSection
	GlobalSection(ProjectConfigurationPlatforms) = postSolution
		{EB855984-B178-4FB2-B4A6-B2C1F7CB2099}.Debug|Any CPU.ActiveCfg = Debug|Any CPU
		{EB855984-B178-4FB2-B4A6-B2C1F7CB2099}.Debug|Any CPU.Build.0 = Debug|Any CPU
		{EB855984-B178-4FB2-B4A6-B2C1F7CB2099}.Release|Any CPU.ActiveCfg = Release|Any CPU
		{EB855984-B178-4FB2-B4A6-B2C1F7CB2099}.Release|Any CPU.Build.0 = Release|Any CPU
	EndGlobalSection
	GlobalSection(SolutionProperties) = preSolution
		HideSolutionNode = FALSE
	EndGlobalSection
	GlobalSection(ExtensibilityGlobals) = postSolution
		SolutionGuid = {0D44E833-7944-4671-8D9F-C827D95F7E9F}
	EndGlobalSection
EndGlobal
